{
  "nodes": {
    "astronvim": {
      "flake": false,
      "locked": {
        "lastModified": 1698427740,
        "narHash": "sha256-QpH+gUapJb0yRG41qzItfMMr0sw+kNc/qRezQUu5PuI=",
        "ref": "refs/heads/main",
        "rev": "207170eae39f29b713e1ac204251109c0cc1860b",
        "revCount": 1591,
        "type": "git",
        "url": "https://github.com/AstroNvim/AstroNvim.git"
      },
      "original": {
        "type": "git",
        "url": "https://github.com/AstroNvim/AstroNvim.git"
      }
    },
    "awesomerc": {
      "flake": false,
      "locked": {
        "lastModified": 1689791431,
        "narHash": "sha256-zflwzXetZAfLKrSaqVJVGx4DOkyBkOVuhnbxTpyw/yI=",
        "ref": "refs/heads/main",
        "rev": "5104dc05006fe7454c7e52285aa1d69e889f18f3",
        "revCount": 11,
        "type": "git",
        "url": "https://gitlab.pr0ject.dev/dotfiles/awesomewm.git"
      },
      "original": {
        "type": "git",
        "url": "https://gitlab.pr0ject.dev/dotfiles/awesomewm.git"
      }
    },
    "flake-compat": {
      "flake": false,
      "locked": {
        "lastModified": 1673956053,
        "narHash": "sha256-4gtG9iQuiKITOjNQQeQIpoIB6b16fm+504Ch3sNKLd8=",
        "owner": "edolstra",
        "repo": "flake-compat",
        "rev": "35bb57c0c8d8b62bbfd284272c928ceb64ddbde9",
        "type": "github"
      },
      "original": {
        "owner": "edolstra",
        "repo": "flake-compat",
        "type": "github"
      }
    },
    "flake-compat_2": {
      "flake": false,
      "locked": {
        "lastModified": 1673956053,
        "narHash": "sha256-4gtG9iQuiKITOjNQQeQIpoIB6b16fm+504Ch3sNKLd8=",
        "owner": "edolstra",
        "repo": "flake-compat",
        "rev": "35bb57c0c8d8b62bbfd284272c928ceb64ddbde9",
        "type": "github"
      },
      "original": {
        "owner": "edolstra",
        "repo": "flake-compat",
        "type": "github"
      }
    },
    "flake-parts": {
      "inputs": {
        "nixpkgs-lib": "nixpkgs-lib"
      },
      "locked": {
        "lastModified": 1696343447,
        "narHash": "sha256-B2xAZKLkkeRFG5XcHHSXXcP7To9Xzr59KXeZiRf4vdQ=",
        "owner": "hercules-ci",
        "repo": "flake-parts",
        "rev": "c9afaba3dfa4085dbd2ccb38dfade5141e33d9d4",
        "type": "github"
      },
      "original": {
        "owner": "hercules-ci",
        "repo": "flake-parts",
        "type": "github"
      }
    },
    "flake-utils": {
      "inputs": {
        "systems": "systems"
      },
      "locked": {
        "lastModified": 1681202837,
        "narHash": "sha256-H+Rh19JDwRtpVPAWp64F+rlEtxUWBAQW28eAi3SRSzg=",
        "owner": "numtide",
        "repo": "flake-utils",
        "rev": "cfacdce06f30d2b68473a46042957675eebb3401",
        "type": "github"
      },
      "original": {
        "owner": "numtide",
        "repo": "flake-utils",
        "type": "github"
      }
    },
    "gitignore": {
      "inputs": {
        "nixpkgs": [
          "nix-rice",
          "pre-commit-hooks",
          "nixpkgs"
        ]
      },
      "locked": {
        "lastModified": 1660459072,
        "narHash": "sha256-8DFJjXG8zqoONA1vXtgeKXy68KdJL5UaXR8NtVMUbx8=",
        "owner": "hercules-ci",
        "repo": "gitignore.nix",
        "rev": "a20de23b925fd8264fd7fad6454652e142fd7f73",
        "type": "github"
      },
      "original": {
        "owner": "hercules-ci",
        "repo": "gitignore.nix",
        "type": "github"
      }
    },
    "home-manager": {
      "inputs": {
        "nixpkgs": [
          "nixpkgs"
        ]
      },
      "locked": {
        "lastModified": 1698392685,
        "narHash": "sha256-yx/sbRneR2AfSAeAMqUu0hoVJdjh+qhl/7dkirp8yo8=",
        "owner": "nix-community",
        "repo": "home-manager",
        "rev": "1369d2cefb6f128c30e42fabcdebbacc07e18b3f",
        "type": "github"
      },
      "original": {
        "owner": "nix-community",
        "repo": "home-manager",
        "type": "github"
      }
    },
    "kitty-themes-src": {
      "flake": false,
      "locked": {
        "lastModified": 1678282211,
        "narHash": "sha256-heJayOz/2Bey/zAwL2PR1OsfGyCPqMyxT1XzwHLhQ0w=",
        "owner": "kovidgoyal",
        "repo": "kitty-themes",
        "rev": "c01fcbd694353507c3cc7f657179bad1f32140a7",
        "type": "github"
      },
      "original": {
        "owner": "kovidgoyal",
        "repo": "kitty-themes",
        "type": "github"
      }
    },
    "neovim-dotfiles": {
      "flake": false,
      "locked": {
        "lastModified": 1689811830,
        "narHash": "sha256-lZ0gI9xrKu/JL/rT0qm4EcZXi+c9nNhsXMd5IVL3ktQ=",
        "ref": "refs/heads/main",
        "rev": "f9b1ab1dd89d5c17970f0895910e8b6f2cf3c162",
        "revCount": 3,
        "type": "git",
        "url": "https://gitlab.pr0ject.dev/dotfiles/neovim.git"
      },
      "original": {
        "type": "git",
        "url": "https://gitlab.pr0ject.dev/dotfiles/neovim.git"
      }
    },
    "nix-gaming": {
      "inputs": {
        "flake-parts": "flake-parts",
        "nixpkgs": "nixpkgs"
      },
      "locked": {
        "lastModified": 1698368990,
        "narHash": "sha256-V5dLZN6GXpRiFPhtfCRqaKIdRwHH9RkH7ZX4efUwCRs=",
        "owner": "fufexan",
        "repo": "nix-gaming",
        "rev": "e5a21c813a4ea3f16da04939bf5b6b0b6697855b",
        "type": "github"
      },
      "original": {
        "owner": "fufexan",
        "repo": "nix-gaming",
        "type": "github"
      }
    },
    "nix-rice": {
      "inputs": {
        "flake-compat": "flake-compat",
        "flake-utils": "flake-utils",
        "kitty-themes-src": "kitty-themes-src",
        "nixpkgs-lib": "nixpkgs-lib_2",
        "pre-commit-hooks": "pre-commit-hooks"
      },
      "locked": {
        "lastModified": 1682952592,
        "narHash": "sha256-1qXvqCxnWpk0ELdpmS2OMDu047gvl166CGBm+sfi8oo=",
        "owner": "bertof",
        "repo": "nix-rice",
        "rev": "dddd03ed3c5e05c728b0df985f7af905b002f588",
        "type": "github"
      },
      "original": {
        "owner": "bertof",
        "repo": "nix-rice",
        "type": "github"
      }
    },
    "nixpkgs": {
      "locked": {
        "lastModified": 1697886341,
        "narHash": "sha256-AdE67xPty9M9wn36nPVp6aDntIdigrs7UbyaGv1VAaM=",
        "owner": "NixOS",
        "repo": "nixpkgs",
        "rev": "44881e03af1c730cbb1d72a4d41274a2c957813a",
        "type": "github"
      },
      "original": {
        "owner": "NixOS",
        "ref": "nixpkgs-unstable",
        "repo": "nixpkgs",
        "type": "github"
      }
    },
    "nixpkgs-lib": {
      "locked": {
        "dir": "lib",
        "lastModified": 1696019113,
        "narHash": "sha256-X3+DKYWJm93DRSdC5M6K5hLqzSya9BjibtBsuARoPco=",
        "owner": "NixOS",
        "repo": "nixpkgs",
        "rev": "f5892ddac112a1e9b3612c39af1b72987ee5783a",
        "type": "github"
      },
      "original": {
        "dir": "lib",
        "owner": "NixOS",
        "ref": "nixos-unstable",
        "repo": "nixpkgs",
        "type": "github"
      }
    },
    "nixpkgs-lib_2": {
      "locked": {
        "lastModified": 1681001314,
        "narHash": "sha256-5sDnCLdrKZqxLPK4KA8+f4A3YKO/u6ElpMILvX0g72c=",
        "owner": "nix-community",
        "repo": "nixpkgs.lib",
        "rev": "367c0e1086a4eb4502b24d872cea2c7acdd557f4",
        "type": "github"
      },
      "original": {
        "owner": "nix-community",
        "repo": "nixpkgs.lib",
        "type": "github"
      }
    },
    "nixpkgs-stable": {
      "locked": {
        "lastModified": 1678872516,
        "narHash": "sha256-/E1YwtMtFAu2KUQKV/1+KFuReYPANM2Rzehk84VxVoc=",
        "owner": "NixOS",
        "repo": "nixpkgs",
        "rev": "9b8e5abb18324c7fe9f07cb100c3cd4a29cda8b8",
        "type": "github"
      },
      "original": {
        "owner": "NixOS",
        "ref": "nixos-22.11",
        "repo": "nixpkgs",
        "type": "github"
      }
    },
    "nixpkgs_2": {
      "locked": {
        "lastModified": 1681303793,
        "narHash": "sha256-JEdQHsYuCfRL2PICHlOiH/2ue3DwoxUX7DJ6zZxZXFk=",
        "owner": "NixOS",
        "repo": "nixpkgs",
        "rev": "fe2ecaf706a5907b5e54d979fbde4924d84b65fc",
        "type": "github"
      },
      "original": {
        "owner": "NixOS",
        "ref": "nixos-unstable",
        "repo": "nixpkgs",
        "type": "github"
      }
    },
    "nixpkgs_3": {
      "locked": {
        "lastModified": 1698336494,
        "narHash": "sha256-sO72WDBKyijYD1GcKPlGsycKbMBiTJMBCnmOxLAs880=",
        "owner": "NixOS",
        "repo": "nixpkgs",
        "rev": "808c0d8c53c7ae50f82aca8e7df263225cf235bf",
        "type": "github"
      },
      "original": {
        "owner": "NixOS",
        "ref": "nixpkgs-unstable",
        "repo": "nixpkgs",
        "type": "github"
      }
    },
    "pre-commit-hooks": {
      "inputs": {
        "flake-compat": "flake-compat_2",
        "flake-utils": [
          "nix-rice",
          "flake-utils"
        ],
        "gitignore": "gitignore",
        "nixpkgs": "nixpkgs_2",
        "nixpkgs-stable": "nixpkgs-stable"
      },
      "locked": {
        "lastModified": 1682596858,
        "narHash": "sha256-Hf9XVpqaGqe/4oDGr30W8HlsWvJXtMsEPHDqHZA6dDg=",
        "owner": "cachix",
        "repo": "pre-commit-hooks.nix",
        "rev": "fb58866e20af98779017134319b5663b8215d912",
        "type": "github"
      },
      "original": {
        "owner": "cachix",
        "repo": "pre-commit-hooks.nix",
        "type": "github"
      }
    },
    "root": {
      "inputs": {
        "astronvim": "astronvim",
        "awesomerc": "awesomerc",
        "home-manager": "home-manager",
        "neovim-dotfiles": "neovim-dotfiles",
        "nix-gaming": "nix-gaming",
        "nix-rice": "nix-rice",
        "nixpkgs": "nixpkgs_3"
      }
    },
    "systems": {
      "locked": {
        "lastModified": 1681028828,
        "narHash": "sha256-Vy1rq5AaRuLzOxct8nz4T6wlgyUR7zLU309k9mBC768=",
        "owner": "nix-systems",
        "repo": "default",
        "rev": "da67096a3b9bf56a91d16901293e51ba5b49a27e",
        "type": "github"
      },
      "original": {
        "owner": "nix-systems",
        "repo": "default",
        "type": "github"
      }
    }
  },
  "root": "root",
  "version": 7
}
